// !$*UTF8*$!
{
	archiveVersion = 1;
	classes = {
	};
	objectVersion = 46;
	objects = {

/* Begin PBXBuildFile section */
		9696312B1AFF8A9B0080C827 /* AppDelegate.swift in Sources */ = {isa = PBXBuildFile; fileRef = 9696312A1AFF8A9B0080C827 /* AppDelegate.swift */; };
		9696312D1AFF8A9B0080C827 /* ViewController.swift in Sources */ = {isa = PBXBuildFile; fileRef = 9696312C1AFF8A9B0080C827 /* ViewController.swift */; };
		969631301AFF8A9B0080C827 /* Main.storyboard in Resources */ = {isa = PBXBuildFile; fileRef = 9696312E1AFF8A9B0080C827 /* Main.storyboard */; };
		969631321AFF8A9B0080C827 /* Images.xcassets in Resources */ = {isa = PBXBuildFile; fileRef = 969631311AFF8A9B0080C827 /* Images.xcassets */; };
		969631351AFF8A9B0080C827 /* LaunchScreen.xib in Resources */ = {isa = PBXBuildFile; fileRef = 969631331AFF8A9B0080C827 /* LaunchScreen.xib */; };
		969631411AFF8A9B0080C827 /* Flo_ReduxTests.swift in Sources */ = {isa = PBXBuildFile; fileRef = 969631401AFF8A9B0080C827 /* Flo_ReduxTests.swift */; };
		96D4CCDD1B01106500334155 /* PushButtonView.swift in Sources */ = {isa = PBXBuildFile; fileRef = 96D4CCDC1B01106500334155 /* PushButtonView.swift */; };
		96D4CCDF1B01174A00334155 /* CounterView.swift in Sources */ = {isa = PBXBuildFile; fileRef = 96D4CCDE1B01174A00334155 /* CounterView.swift */; };
/* End PBXBuildFile section */

/* Begin PBXContainerItemProxy section */
		9696313B1AFF8A9B0080C827 /* PBXContainerItemProxy */ = {
			isa = PBXContainerItemProxy;
			containerPortal = 9696311D1AFF8A9B0080C827 /* Project object */;
			proxyType = 1;
			remoteGlobalIDString = 969631241AFF8A9B0080C827;
			remoteInfo = "Flo-Redux";
		};
/* End PBXContainerItemProxy section */

/* Begin PBXFileReference section */
		969631251AFF8A9B0080C827 /* Flo-Redux.app */ = {isa = PBXFileReference; explicitFileType = wrapper.application; includeInIndex = 0; path = "Flo-Redux.app"; sourceTree = BUILT_PRODUCTS_DIR; };
		969631291AFF8A9B0080C827 /* Info.plist */ = {isa = PBXFileReference; lastKnownFileType = text.plist.xml; path = Info.plist; sourceTree = "<group>"; };
		9696312A1AFF8A9B0080C827 /* AppDelegate.swift */ = {isa = PBXFileReference; lastKnownFileType = sourcecode.swift; path = AppDelegate.swift; sourceTree = "<group>"; };
		9696312C1AFF8A9B0080C827 /* ViewController.swift */ = {isa = PBXFileReference; lastKnownFileType = sourcecode.swift; path = ViewController.swift; sourceTree = "<group>"; };
		9696312F1AFF8A9B0080C827 /* Base */ = {isa = PBXFileReference; lastKnownFileType = file.storyboard; name = Base; path = Base.lproj/Main.storyboard; sourceTree = "<group>"; };
		969631311AFF8A9B0080C827 /* Images.xcassets */ = {isa = PBXFileReference; lastKnownFileType = folder.assetcatalog; path = Images.xcassets; sourceTree = "<group>"; };
		969631341AFF8A9B0080C827 /* Base */ = {isa = PBXFileReference; lastKnownFileType = file.xib; name = Base; path = Base.lproj/LaunchScreen.xib; sourceTree = "<group>"; };
		9696313A1AFF8A9B0080C827 /* Flo-ReduxTests.xctest */ = {isa = PBXFileReference; explicitFileType = wrapper.cfbundle; includeInIndex = 0; path = "Flo-ReduxTests.xctest"; sourceTree = BUILT_PRODUCTS_DIR; };
		9696313F1AFF8A9B0080C827 /* Info.plist */ = {isa = PBXFileReference; lastKnownFileType = text.plist.xml; path = Info.plist; sourceTree = "<group>"; };
		969631401AFF8A9B0080C827 /* Flo_ReduxTests.swift */ = {isa = PBXFileReference; lastKnownFileType = sourcecode.swift; path = Flo_ReduxTests.swift; sourceTree = "<group>"; };
		96D4CCDC1B01106500334155 /* PushButtonView.swift */ = {isa = PBXFileReference; fileEncoding = 4; lastKnownFileType = sourcecode.swift; path = PushButtonView.swift; sourceTree = "<group>"; };
		96D4CCDE1B01174A00334155 /* CounterView.swift */ = {isa = PBXFileReference; fileEncoding = 4; lastKnownFileType = sourcecode.swift; path = CounterView.swift; sourceTree = "<group>"; };
/* End PBXFileReference section */

/* Begin PBXFrameworksBuildPhase section */
		969631221AFF8A9B0080C827 /* Frameworks */ = {
			isa = PBXFrameworksBuildPhase;
			buildActionMask = 2147483647;
			files = (
			);
			runOnlyForDeploymentPostprocessing = 0;
		};
		969631371AFF8A9B0080C827 /* Frameworks */ = {
			isa = PBXFrameworksBuildPhase;
			buildActionMask = 2147483647;
			files = (
			);
			runOnlyForDeploymentPostprocessing = 0;
		};
/* End PBXFrameworksBuildPhase section */

/* Begin PBXGroup section */
		9696311C1AFF8A9B0080C827 = {
			isa = PBXGroup;
			children = (
				969631271AFF8A9B0080C827 /* Flo-Redux */,
				9696313D1AFF8A9B0080C827 /* Flo-ReduxTests */,
				969631261AFF8A9B0080C827 /* Products */,
			);
			sourceTree = "<group>";
		};
		969631261AFF8A9B0080C827 /* Products */ = {
			isa = PBXGroup;
			children = (
				969631251AFF8A9B0080C827 /* Flo-Redux.app */,
				9696313A1AFF8A9B0080C827 /* Flo-ReduxTests.xctest */,
			);
			name = Products;
			sourceTree = "<group>";
		};
		969631271AFF8A9B0080C827 /* Flo-Redux */ = {
			isa = PBXGroup;
			children = (
				9696312A1AFF8A9B0080C827 /* AppDelegate.swift */,
				9696312C1AFF8A9B0080C827 /* ViewController.swift */,
				96D4CCDC1B01106500334155 /* PushButtonView.swift */,
				9696312E1AFF8A9B0080C827 /* Main.storyboard */,
				96D4CCDE1B01174A00334155 /* CounterView.swift */,
				969631311AFF8A9B0080C827 /* Images.xcassets */,
				969631331AFF8A9B0080C827 /* LaunchScreen.xib */,
				969631281AFF8A9B0080C827 /* Supporting Files */,
			);
			path = "Flo-Redux";
			sourceTree = "<group>";
		};
		969631281AFF8A9B0080C827 /* Supporting Files */ = {
			isa = PBXGroup;
			children = (
				969631291AFF8A9B0080C827 /* Info.plist */,
			);
			name = "Supporting Files";
			sourceTree = "<group>";
		};
		9696313D1AFF8A9B0080C827 /* Flo-ReduxTests */ = {
			isa = PBXGroup;
			children = (
				969631401AFF8A9B0080C827 /* Flo_ReduxTests.swift */,
				9696313E1AFF8A9B0080C827 /* Supporting Files */,
			);
			path = "Flo-ReduxTests";
			sourceTree = "<group>";
		};
		9696313E1AFF8A9B0080C827 /* Supporting Files */ = {
			isa = PBXGroup;
			children = (
				9696313F1AFF8A9B0080C827 /* Info.plist */,
			);
			name = "Supporting Files";
			sourceTree = "<group>";
		};
/* End PBXGroup section */

/* Begin PBXNativeTarget section */
		969631241AFF8A9B0080C827 /* Flo-Redux */ = {
			isa = PBXNativeTarget;
			buildConfigurationList = 969631441AFF8A9B0080C827 /* Build configuration list for PBXNativeTarget "Flo-Redux" */;
			buildPhases = (
				969631211AFF8A9B0080C827 /* Sources */,
				969631221AFF8A9B0080C827 /* Frameworks */,
				969631231AFF8A9B0080C827 /* Resources */,
			);
			buildRules = (
			);
			dependencies = (
			);
			name = "Flo-Redux";
			productName = "Flo-Redux";
			productReference = 969631251AFF8A9B0080C827 /* Flo-Redux.app */;
			productType = "com.apple.product-type.application";
		};
		969631391AFF8A9B0080C827 /* Flo-ReduxTests */ = {
			isa = PBXNativeTarget;
			buildConfigurationList = 969631471AFF8A9B0080C827 /* Build configuration list for PBXNativeTarget "Flo-ReduxTests" */;
			buildPhases = (
				969631361AFF8A9B0080C827 /* Sources */,
				969631371AFF8A9B0080C827 /* Frameworks */,
				969631381AFF8A9B0080C827 /* Resources */,
			);
			buildRules = (
			);
			dependencies = (
				9696313C1AFF8A9B0080C827 /* PBXTargetDependency */,
			);
			name = "Flo-ReduxTests";
			productName = "Flo-ReduxTests";
			productReference = 9696313A1AFF8A9B0080C827 /* Flo-ReduxTests.xctest */;
			productType = "com.apple.product-type.bundle.unit-test";
		};
/* End PBXNativeTarget section */

/* Begin PBXProject section */
		9696311D1AFF8A9B0080C827 /* Project object */ = {
			isa = PBXProject;
			attributes = {
				LastUpgradeCheck = 0630;
				ORGANIZATIONNAME = "Jim Veneskey";
				TargetAttributes = {
					969631241AFF8A9B0080C827 = {
						CreatedOnToolsVersion = 6.3.1;
					};
					969631391AFF8A9B0080C827 = {
						CreatedOnToolsVersion = 6.3.1;
						TestTargetID = 969631241AFF8A9B0080C827;
					};
				};
			};
			buildConfigurationList = 969631201AFF8A9B0080C827 /* Build configuration list for PBXProject "Flo-Redux" */;
			compatibilityVersion = "Xcode 3.2";
			developmentRegion = English;
			hasScannedForEncodings = 0;
			knownRegions = (
				en,
				Base,
			);
			mainGroup = 9696311C1AFF8A9B0080C827;
			productRefGroup = 969631261AFF8A9B0080C827 /* Products */;
			projectDirPath = "";
			projectRoot = "";
			targets = (
				969631241AFF8A9B0080C827 /* Flo-Redux */,
				969631391AFF8A9B0080C827 /* Flo-ReduxTests */,
			);
		};
/* End PBXProject section */

/* Begin PBXResourcesBuildPhase section */
		969631231AFF8A9B0080C827 /* Resources */ = {
			isa = PBXResourcesBuildPhase;
			buildActionMask = 2147483647;
			files = (
				969631301AFF8A9B0080C827 /* Main.storyboard in Resources */,
				969631351AFF8A9B0080C827 /* LaunchScreen.xib in Resources */,
				969631321AFF8A9B0080C827 /* Images.xcassets in Resources */,
			);
			runOnlyForDeploymentPostprocessing = 0;
		};
		969631381AFF8A9B0080C827 /* Resources */ = {
			isa = PBXResourcesBuildPhase;
			buildActionMask = 2147483647;
			files = (
			);
			runOnlyForDeploymentPostprocessing = 0;
		};
/* End PBXResourcesBuildPhase section */

/* Begin PBXSourcesBuildPhase section */
		969631211AFF8A9B0080C827 /* Sources */ = {
			isa = PBXSourcesBuildPhase;
			buildActionMask = 2147483647;
			files = (
				9696312D1AFF8A9B0080C827 /* ViewController.swift in Sources */,
				96D4CCDD1B01106500334155 /* PushButtonView.swift in Sources */,
				9696312B1AFF8A9B0080C827 /* AppDelegate.swift in Sources */,
				96D4CCDF1B01174A00334155 /* CounterView.swift in Sources */,
			);
			runOnlyForDeploymentPostprocessing = 0;
		};
		969631361AFF8A9B0080C827 /* Sources */ = {
			isa = PBXSourcesBuildPhase;
			buildActionMask = 2147483647;
			files = (
				969631411AFF8A9B0080C827 /* Flo_ReduxTests.swift in Sources */,
			);
			runOnlyForDeploymentPostprocessing = 0;
		};
/* End PBXSourcesBuildPhase section */

/* Begin PBXTargetDependency section */
		9696313C1AFF8A9B0080C827 /* PBXTargetDependency */ = {
			isa = PBXTargetDependency;
			target = 969631241AFF8A9B0080C827 /* Flo-Redux */;
			targetProxy = 9696313B1AFF8A9B0080C827 /* PBXContainerItemProxy */;
		};
/* End PBXTargetDependency section */

/* Begin PBXVariantGroup section */
		9696312E1AFF8A9B0080C827 /* Main.storyboard */ = {
			isa = PBXVariantGroup;
			children = (
				9696312F1AFF8A9B0080C827 /* Base */,
			);
			name = Main.storyboard;
			sourceTree = "<group>";
		};
		969631331AFF8A9B0080C827 /* LaunchScreen.xib */ = {
			isa = PBXVariantGroup;
			children = (
				969631341AFF8A9B0080C827 /* Base */,
			);
			name = LaunchScreen.xib;
			sourceTree = "<group>";
		};
/* End PBXVariantGroup section */

/* Begin XCBuildConfiguration section */
		969631421AFF8A9B0080C827 /* Debug */ = {
			isa = XCBuildConfiguration;
			buildSettings = {
				ALWAYS_SEARCH_USER_PATHS = NO;
				CLANG_CXX_LANGUAGE_STANDARD = "gnu++0x";
				CLANG_CXX_LIBRARY = "libc++";
				CLANG_ENABLE_MODULES = YES;
				CLANG_ENABLE_OBJC_ARC = YES;
				CLANG_WARN_BOOL_CONVERSION = YES;
				CLANG_WARN_CONSTANT_CONVERSION = YES;
				CLANG_WARN_DIRECT_OBJC_ISA_USAGE = YES_ERROR;
				CLANG_WARN_EMPTY_BODY = YES;
				CLANG_WARN_ENUM_CONVERSION = YES;
				CLANG_WARN_INT_CONVERSION = YES;
				CLANG_WARN_OBJC_ROOT_CLASS = YES_ERROR;
				CLANG_WARN_UNREACHABLE_CODE = YES;
				CLANG_WARN__DUPLICATE_METHOD_MATCH = YES;
				"CODE_SIGN_IDENTITY[sdk=iphoneos*]" = "iPhone Developer";
				COPY_PHASE_STRIP = NO;
				DEBUG_INFORMATION_FORMAT = "dwarf-with-dsym";
				ENABLE_STRICT_OBJC_MSGSEND = YES;
				GCC_C_LANGUAGE_STANDARD = gnu99;
				GCC_DYNAMIC_NO_PIC = NO;
				GCC_NO_COMMON_BLOCKS = YES;
				GCC_OPTIMIZATION_LEVEL = 0;
				GCC_PREPROCESSOR_DEFINITIONS = (
					"DEBUG=1",
					"$(inherited)",
				);
				GCC_SYMBOLS_PRIVATE_EXTERN = NO;
				GCC_WARN_64_TO_32_BIT_CONVERSION = YES;
				GCC_WARN_ABOUT_RETURN_TYPE = YES_ERROR;
				GCC_WARN_UNDECLARED_SELECTOR = YES;
				GCC_WARN_UNINITIALIZED_AUTOS = YES_AGGRESSIVE;
				GCC_WARN_UNUSED_FUNCTION = YES;
				GCC_WARN_UNUSED_VARIABLE = YES;
				IPHONEOS_DEPLOYMENT_TARGET = 8.3;
				MTL_ENABLE_DEBUG_INFO = YES;
				ONLY_ACTIVE_ARCH = YES;
				SDKROOT = iphoneos;
				SWIFT_OPTIMIZATION_LEVEL = "-Onone";
				TARGETED_DEVICE_FAMILY = "1,2";
			};
			name = Debug;
		};
		969631431AFF8A9B0080C827 /* Release */ = {
			isa = XCBuildConfiguration;
			buildSettings = {
				ALWAYS_SEARCH_USER_PATHS = NO;
				CLANG_CXX_LANGUAGE_STANDARD = "gnu++0x";
				CLANG_CXX_LIBRARY = "libc++";
				CLANG_ENABLE_MODULES = YES;
				CLANG_ENABLE_OBJC_ARC = YES;
				CLANG_WARN_BOOL_CONVERSION = YES;
				CLANG_WARN_CONSTANT_CONVERSION = YES;
				CLANG_WARN_DIRECT_OBJC_ISA_USAGE = YES_ERROR;
				CLANG_WARN_EMPTY_BODY = YES;
				CLANG_WARN_ENUM_CONVERSION = YES;
				CLANG_WARN_INT_CONVERSION = YES;
				CLANG_WARN_OBJC_ROOT_CLASS = YES_ERROR;
				CLANG_WARN_UNREACHABLE_CODE = YES;
				CLANG_WARN__DUPLICATE_METHOD_MATCH = YES;
				"CODE_SIGN_IDENTITY[sdk=iphoneos*]" = "iPhone Developer";
				COPY_PHASE_STRIP = NO;
				DEBUG_INFORMATION_FORMAT = "dwarf-with-dsym";
				ENABLE_NS_ASSERTIONS = NO;
				ENABLE_STRICT_OBJC_MSGSEND = YES;
				GCC_C_LANGUAGE_STANDARD = gnu99;
				GCC_NO_COMMON_BLOCKS = YES;
				GCC_WARN_64_TO_32_BIT_CONVERSION = YES;
				GCC_WARN_ABOUT_RETURN_TYPE = YES_ERROR;
				GCC_WARN_UNDECLARED_SELECTOR = YES;
				GCC_WARN_UNINITIALIZED_AUTOS = YES_AGGRESSIVE;
				GCC_WARN_UNUSED_FUNCTION = YES;
				GCC_WARN_UNUSED_VARIABLE = YES;
				IPHONEOS_DEPLOYMENT_TARGET = 8.3;
				MTL_ENABLE_DEBUG_INFO = NO;
				SDKROOT = iphoneos;
				TARGETED_DEVICE_FAMILY = "1,2";
				VALIDATE_PRODUCT = YES;
			};
			name = Release;
		};
		969631451AFF8A9B0080C827 /* Debug */ = {
			isa = XCBuildConfiguration;
			buildSettings = {
				ASSETCATALOG_COMPILER_APPICON_NAME = AppIcon;
				INFOPLIST_FILE = "Flo-Redux/Info.plist";
				LD_RUNPATH_SEARCH_PATHS = "$(inherited) @executable_path/Frameworks";
				PRODUCT_NAME = "$(TARGET_NAME)";
			};
			name = Debug;
		};
		969631461AFF8A9B0080C827 /* Release */ = {
			isa = XCBuildConfiguration;
			buildSettings = {
				ASSETCATALOG_COMPILER_APPICON_NAME = AppIcon;
				INFOPLIST_FILE = "Flo-Redux/Info.plist";
				LD_RUNPATH_SEARCH_PATHS = "$(inherited) @executable_path/Frameworks";
				PRODUCT_NAME = "$(TARGET_NAME)";
			};
			name = Release;
		};
		969631481AFF8A9B0080C827 /* Debug */ = {
			isa = XCBuildConfiguration;
			buildSettings = {
				BUNDLE_LOADER = "$(TEST_HOST)";
				FRAMEWORK_SEARCH_PATHS = (
					"$(SDKROOT)/Developer/Library/Frameworks",
					"$(inherited)",
				);
				GCC_PREPROCESSOR_DEFINITIONS = (
					"DEBUG=1",
					"$(inherited)",
				);
				INFOPLIST_FILE = "Flo-ReduxTests/Info.plist";
				LD_RUNPATH_SEARCH_PATHS = "$(inherited) @executable_path/Frameworks @loader_path/Frameworks";
				PRODUCT_NAME = "$(TARGET_NAME)";
				TEST_HOST = "$(BUILT_PRODUCTS_DIR)/Flo-Redux.app/Flo-Redux";
			};
			name = Debug;
		};
		969631491AFF8A9B0080C827 /* Release */ = {
			isa = XCBuildConfiguration;
			buildSettings = {
				BUNDLE_LOADER = "$(TEST_HOST)";
				FRAMEWORK_SEARCH_PATHS = (
					"$(SDKROOT)/Developer/Library/Frameworks",
					"$(inherited)",
				);
				INFOPLIST_FILE = "Flo-ReduxTests/Info.plist";
				LD_RUNPATH_SEARCH_PATHS = "$(inherited) @executable_path/Frameworks @loader_path/Frameworks";
				PRODUCT_NAME = "$(TARGET_NAME)";
				TEST_HOST = "$(BUILT_PRODUCTS_DIR)/Flo-Redux.app/Flo-Redux";
			};
			name = Release;
		};
/* End XCBuildConfiguration section */

/* Begin XCConfigurationList section */
		969631201AFF8A9B0080C827 /* Build configuration list for PBXProject "Flo-Redux" */ = {
			isa = XCConfigurationList;
			buildConfigurations = (
				969631421AFF8A9B0080C827 /* Debug */,
				969631431AFF8A9B0080C827 /* Release */,
			);
			defaultConfigurationIsVisible = 0;
			defaultConfigurationName = Release;
		};
		969631441AFF8A9B0080C827 /* Build configuration list for PBXNativeTarget "Flo-Redux" */ = {
			isa = XCConfigurationList;
			buildConfigurations = (
				969631451AFF8A9B0080C827 /* Debug */,
				969631461AFF8A9B0080C827 /* Release */,
			);
			defaultConfigurationIsVisible = 0;
			defaultConfigurationName = Release;
		};
		969631471AFF8A9B0080C827 /* Build configuration list for PBXNativeTarget "Flo-ReduxTests" */ = {
			isa = XCConfigurationList;
			buildConfigurations = (
				969631481AFF8A9B0080C827 /* Debug */,
				969631491AFF8A9B0080C827 /* Release */,
			);
			defaultConfigurationIsVisible = 0;
			defaultConfigurationName = Release;
		};
/* End XCConfigurationList section */
	};
	rootObject = 9696311D1AFF8A9B0080C827 /* Project object */;
}
